
Microsoft Visual Studio Solution File, Format Version 12.00
# Visual Studio Version 16
VisualStudioVersion = 16.0.29025.244
MinimumVisualStudioVersion = 10.0.40219.1
Project("{FAE04EC0-301F-11D3-BF4B-00C04F79EFBC}") = "AL-BA", "ConsoleApp3\AL-BA.csproj", "{788F8D66-8FED-4E17-B533-EF2F6378EEDC}"
EndProject
Project("{FAE04EC0-301F-11D3-BF4B-00C04F79EFBC}") = "MaterialSkin", "MaterialSkin\MaterialSkin.csproj", "{8EB7611B-68CD-4B8B-987A-11717E2B250C}"
EndProject
Project("{54435603-DBB4-11D2-8724-00A0C9A8B90C}") = "AL-BA Setup", "AL-BA Setup\AL-BA Setup.vdproj", "{0AD38B15-C0AE-41B6-872D-D462F36854B5}"
EndProject
Global
	GlobalSection(SolutionConfigurationPlatforms) = preSolution
		Debug|Any CPU = Debug|Any CPU
		Debug|x86 = Debug|x86
		Release|Any CPU = Release|Any CPU
		Release|x86 = Release|x86
	EndGlobalSection
	GlobalSection(ProjectConfigurationPlatforms) = postSolution
		{788F8D66-8FED-4E17-B533-EF2F6378EEDC}.Debug|Any CPU.ActiveCfg = Debug|Any CPU
		{788F8D66-8FED-4E17-B533-EF2F6378EEDC}.Debug|Any CPU.Build.0 = Debug|Any CPU
		{788F8D66-8FED-4E17-B533-EF2F6378EEDC}.Debug|x86.ActiveCfg = Debug|Any CPU
		{788F8D66-8FED-4E17-B533-EF2F6378EEDC}.Debug|x86.Build.0 = Debug|Any CPU
		{788F8D66-8FED-4E17-B533-EF2F6378EEDC}.Release|Any CPU.ActiveCfg = Release|Any CPU
		{788F8D66-8FED-4E17-B533-EF2F6378EEDC}.Release|Any CPU.Build.0 = Release|Any CPU
		{788F8D66-8FED-4E17-B533-EF2F6378EEDC}.Release|x86.ActiveCfg = Release|x86
		{788F8D66-8FED-4E17-B533-EF2F6378EEDC}.Release|x86.Build.0 = Release|x86
		{8EB7611B-68CD-4B8B-987A-11717E2B250C}.Debug|Any CPU.ActiveCfg = Debug|Any CPU
		{8EB7611B-68CD-4B8B-987A-11717E2B250C}.Debug|Any CPU.Build.0 = Debug|Any CPU
		{8EB7611B-68CD-4B8B-987A-11717E2B250C}.Debug|x86.ActiveCfg = Debug|Any CPU
		{8EB7611B-68CD-4B8B-987A-11717E2B250C}.Debug|x86.Build.0 = Debug|Any CPU
		{8EB7611B-68CD-4B8B-987A-11717E2B250C}.Release|Any CPU.ActiveCfg = Release|Any CPU
		{8EB7611B-68CD-4B8B-987A-11717E2B250C}.Release|Any CPU.Build.0 = Release|Any CPU
		{8EB7611B-68CD-4B8B-987A-11717E2B250C}.Release|x86.ActiveCfg = Release|Any CPU
		{8EB7611B-68CD-4B8B-987A-11717E2B250C}.Release|x86.Build.0 = Release|Any CPU
		{0AD38B15-C0AE-41B6-872D-D462F36854B5}.Debug|Any CPU.ActiveCfg = Debug
		{0AD38B15-C0AE-41B6-872D-D462F36854B5}.Debug|x86.ActiveCfg = Debug
		{0AD38B15-C0AE-41B6-872D-D462F36854B5}.Debug|x86.Build.0 = Debug
		{0AD38B15-C0AE-41B6-872D-D462F36854B5}.Release|Any CPU.ActiveCfg = Release
		{0AD38B15-C0AE-41B6-872D-D462F36854B5}.Release|x86.ActiveCfg = Release
		{0AD38B15-C0AE-41B6-872D-D462F36854B5}.Release|x86.Build.0 = Release
	EndGlobalSection
	GlobalSection(SolutionProperties) = preSolution
		HideSolutionNode = FALSE
	EndGlobalSection
	GlobalSection(ExtensibilityGlobals) = postSolution
		SolutionGuid = {8B919187-7D82-4281-9792-516CC2AAE943}
	EndGlobalSection
EndGlobal
